
Microsoft Visual Studio Solution File, Format Version 12.00
Project("{FAE04EC0-301F-11D3-BF4B-00C04F79EFBC}") = "Sockets_Client", "Sockets_Client.csproj", "{F7DAE0A3-1156-4D11-B5D5-19FCFCDEFC1D}"
EndProject
Global
	GlobalSection(SolutionConfigurationPlatforms) = preSolution
		Debug|Any CPU = Debug|Any CPU
		Release|Any CPU = Release|Any CPU
	EndGlobalSection
	GlobalSection(ProjectConfigurationPlatforms) = postSolution
		{F7DAE0A3-1156-4D11-B5D5-19FCFCDEFC1D}.Debug|Any CPU.ActiveCfg = Debug|Any CPU
		{F7DAE0A3-1156-4D11-B5D5-19FCFCDEFC1D}.Debug|Any CPU.Build.0 = Debug|Any CPU
		{F7DAE0A3-1156-4D11-B5D5-19FCFCDEFC1D}.Release|Any CPU.ActiveCfg = Release|Any CPU
		{F7DAE0A3-1156-4D11-B5D5-19FCFCDEFC1D}.Release|Any CPU.Build.0 = Release|Any CPU
	EndGlobalSection
EndGlobal
