
Microsoft Visual Studio Solution File, Format Version 12.00
Project("{FAE04EC0-301F-11D3-BF4B-00C04F79EFBC}") = "Sockets_Server", "Sockets_Server\Sockets_Server.csproj", "{DCD0F847-3B5D-4A76-988D-FD68AFBC9619}"
EndProject
Global
	GlobalSection(SolutionConfigurationPlatforms) = preSolution
		Debug|Any CPU = Debug|Any CPU
		Release|Any CPU = Release|Any CPU
	EndGlobalSection
	GlobalSection(ProjectConfigurationPlatforms) = postSolution
		{DCD0F847-3B5D-4A76-988D-FD68AFBC9619}.Debug|Any CPU.ActiveCfg = Debug|Any CPU
		{DCD0F847-3B5D-4A76-988D-FD68AFBC9619}.Debug|Any CPU.Build.0 = Debug|Any CPU
		{DCD0F847-3B5D-4A76-988D-FD68AFBC9619}.Release|Any CPU.ActiveCfg = Release|Any CPU
		{DCD0F847-3B5D-4A76-988D-FD68AFBC9619}.Release|Any CPU.Build.0 = Release|Any CPU
	EndGlobalSection
EndGlobal
