
Microsoft Visual Studio Solution File, Format Version 12.00
Project("{FAE04EC0-301F-11D3-BF4B-00C04F79EFBC}") = "Sockets_Server", "Sockets_Server.csproj", "{A30CCEDF-9A7E-4BD5-9999-24185E8E72FD}"
EndProject
Global
	GlobalSection(SolutionConfigurationPlatforms) = preSolution
		Debug|Any CPU = Debug|Any CPU
		Release|Any CPU = Release|Any CPU
	EndGlobalSection
	GlobalSection(ProjectConfigurationPlatforms) = postSolution
		{A30CCEDF-9A7E-4BD5-9999-24185E8E72FD}.Debug|Any CPU.ActiveCfg = Debug|Any CPU
		{A30CCEDF-9A7E-4BD5-9999-24185E8E72FD}.Debug|Any CPU.Build.0 = Debug|Any CPU
		{A30CCEDF-9A7E-4BD5-9999-24185E8E72FD}.Release|Any CPU.ActiveCfg = Release|Any CPU
		{A30CCEDF-9A7E-4BD5-9999-24185E8E72FD}.Release|Any CPU.Build.0 = Release|Any CPU
	EndGlobalSection
EndGlobal
