
Microsoft Visual Studio Solution File, Format Version 12.00
Project("{FAE04EC0-301F-11D3-BF4B-00C04F79EFBC}") = "TCP_Client", "TCP_Client.csproj", "{635B5BB6-DF2E-4999-854A-5617DD74ECC8}"
EndProject
Global
	GlobalSection(SolutionConfigurationPlatforms) = preSolution
		Debug|Any CPU = Debug|Any CPU
		Release|Any CPU = Release|Any CPU
	EndGlobalSection
	GlobalSection(ProjectConfigurationPlatforms) = postSolution
		{635B5BB6-DF2E-4999-854A-5617DD74ECC8}.Debug|Any CPU.ActiveCfg = Debug|Any CPU
		{635B5BB6-DF2E-4999-854A-5617DD74ECC8}.Debug|Any CPU.Build.0 = Debug|Any CPU
		{635B5BB6-DF2E-4999-854A-5617DD74ECC8}.Release|Any CPU.ActiveCfg = Release|Any CPU
		{635B5BB6-DF2E-4999-854A-5617DD74ECC8}.Release|Any CPU.Build.0 = Release|Any CPU
	EndGlobalSection
EndGlobal
