
Microsoft Visual Studio Solution File, Format Version 12.00
Project("{FAE04EC0-301F-11D3-BF4B-00C04F79EFBC}") = "UDP_Client", "UDP_Client.csproj", "{5FCB6CD1-E4EA-4511-B05D-5069C506CB05}"
EndProject
Global
	GlobalSection(SolutionConfigurationPlatforms) = preSolution
		Debug|Any CPU = Debug|Any CPU
		Release|Any CPU = Release|Any CPU
	EndGlobalSection
	GlobalSection(ProjectConfigurationPlatforms) = postSolution
		{5FCB6CD1-E4EA-4511-B05D-5069C506CB05}.Debug|Any CPU.ActiveCfg = Debug|Any CPU
		{5FCB6CD1-E4EA-4511-B05D-5069C506CB05}.Debug|Any CPU.Build.0 = Debug|Any CPU
		{5FCB6CD1-E4EA-4511-B05D-5069C506CB05}.Release|Any CPU.ActiveCfg = Release|Any CPU
		{5FCB6CD1-E4EA-4511-B05D-5069C506CB05}.Release|Any CPU.Build.0 = Release|Any CPU
	EndGlobalSection
EndGlobal
